{
  "requires": true,
  "lockfileVersion": 1,
  "dependencies": {
    "@types/connect": {
      "version": "3.4.38",
      "resolved": "https://registry.npmjs.org/@types/connect/-/connect-3.4.38.tgz",
      "integrity": "sha512-K6uROf1LD88uDQqJCktA4yzL1YYAK6NgfsI0v/mTgyPKWsX1CnJ0XPSDhViejru1GcRkLWb8RlzFYJRqGUbaug==",
      "requires": {
        "@types/node": "*"
      }
    },
    "@types/node": {
      "version": "12.20.55",
      "resolved": "https://registry.npmjs.org/@types/node/-/node-12.20.55.tgz",
      "integrity": "sha512-J8xLz7q2OFulZ2cyGTLE1TbbZcjpno7FaN6zdJNrgAdrJ+DZzh/uFR6YrTb4C+nXakvud8Q4+rbhoIWlYQbUFQ=="
    },
    "@types/ws": {
      "version": "7.4.7",
      "resolved": "https://registry.npmjs.org/@types/ws/-/ws-7.4.7.tgz",
      "integrity": "sha512-JQbbmxZTZehdc2iszGKs5oC3NFnjeay7mtAWrdt7qNtAVK0g19muApzAy4bm9byz79xa2ZnO/BOBC2R8RC5Lww==",
      "requires": {
        "@types/node": "*"
      }
    },
    "commander": {
      "version": "2.20.3",
      "resolved": "https://registry.npmjs.org/commander/-/commander-2.20.3.tgz",
      "integrity": "sha512-GpVkmM8vF2vQUkj2LvZmD35JxeJOLCwJ9cUkugyk2nuhbv3+mJvpLYYt+0+USMxE+oj+ey/lJEnhZw75x/OMcQ=="
    },
    "delay": {
      "version": "5.0.0",
      "resolved": "https://registry.npmjs.org/delay/-/delay-5.0.0.tgz",
      "integrity": "sha512-ReEBKkIfe4ya47wlPYf/gu5ib6yUG0/Aez0JQZQz94kiWtRQvZIQbTiehsnwHvLSWJnQdhVeqYue7Id1dKr0qw=="
    },
    "es6-promise": {
      "version": "4.2.8",
      "resolved": "https://registry.npmjs.org/es6-promise/-/es6-promise-4.2.8.tgz",
      "integrity": "sha512-HJDGx5daxeIvxdBxvG2cb9g4tEvwIk3i8+nhX0yGrYmZUzbkdg8QbDevheDB8gd0//uPj4c1EQua8Q+MViT0/w=="
    },
    "es6-promisify": {
      "version": "5.0.0",
      "resolved": "https://registry.npmjs.org/es6-promisify/-/es6-promisify-5.0.0.tgz",
      "integrity": "sha512-C+d6UdsYDk0lMebHNR4S2NybQMMngAOnOwYBQjTOiv0MkoJMP0Myw2mgpDLBcpfCmRLxyFqYhS/CfOENq4SJhQ==",
      "requires": {
        "es6-promise": "^4.0.3"
      }
    },
    "eyes": {
      "version": "0.1.8",
      "resolved": "https://registry.npmjs.org/eyes/-/eyes-0.1.8.tgz",
      "integrity": "sha512-GipyPsXO1anza0AOZdy69Im7hGFCNB7Y/NGjDlZGJ3GJJLtwNSb2vrzYrTYJRrRloVx7pl+bhUaTB8yiccPvFQ=="
    },
    "isomorphic-ws": {
      "version": "4.0.1",
      "resolved": "https://registry.npmjs.org/isomorphic-ws/-/isomorphic-ws-4.0.1.tgz",
      "integrity": "sha512-BhBvN2MBpWTaSHdWRb/bwdZJ1WaehQ2L1KngkCkfLUGF0mAWAT1sQUQacEmQ0jXkFw/czDXPNQSL5u2/Krsz1w=="
    },
    "jayson": {
      "version": "4.2.0",
      "resolved": "https://registry.npmjs.org/jayson/-/jayson-4.2.0.tgz",
      "integrity": "sha512-VfJ9t1YLwacIubLhONk0KFeosUBwstRWQ0IRT1KDjEjnVnSOVHC3uwugyV7L0c7R9lpVyrUGT2XWiBA1UTtpyg==",
      "requires": {
        "@types/connect": "^3.4.33",
        "@types/node": "^12.12.54",
        "@types/ws": "^7.4.4",
        "commander": "^2.20.3",
        "delay": "^5.0.0",
        "es6-promisify": "^5.0.0",
        "eyes": "^0.1.8",
        "isomorphic-ws": "^4.0.1",
        "json-stringify-safe": "^5.0.1",
        "stream-json": "^1.9.1",
        "uuid": "^8.3.2",
        "ws": "^7.5.10"
      }
    },
    "json-stringify-safe": {
      "version": "5.0.1",
      "resolved": "https://registry.npmjs.org/json-stringify-safe/-/json-stringify-safe-5.0.1.tgz",
      "integrity": "sha512-ZClg6AaYvamvYEE82d3Iyd3vSSIjQ+odgjaTzRuO3s7toCdFKczob2i0zCh7JE8kWn17yvAWhUVxvqGwUalsRA=="
    },
    "stream-chain": {
      "version": "2.2.5",
      "resolved": "https://registry.npmjs.org/stream-chain/-/stream-chain-2.2.5.tgz",
      "integrity": "sha512-1TJmBx6aSWqZ4tx7aTpBDXK0/e2hhcNSTV8+CbFJtDjbb+I1mZ8lHit0Grw9GRT+6JbIrrDd8esncgBi8aBXGA=="
    },
    "stream-json": {
      "version": "1.9.1",
      "resolved": "https://registry.npmjs.org/stream-json/-/stream-json-1.9.1.tgz",
      "integrity": "sha512-uWkjJ+2Nt/LO9Z/JyKZbMusL8Dkh97uUBTv3AJQ74y07lVahLY4eEFsPsE97pxYBwr8nnjMAIch5eqI0gPShyw==",
      "requires": {
        "stream-chain": "^2.2.5"
      }
    },
    "uuid": {
      "version": "8.3.2",
      "resolved": "https://registry.npmjs.org/uuid/-/uuid-8.3.2.tgz",
      "integrity": "sha512-+NYs2QeMWy+GWFOEm9xnn6HCDp0l7QBD7ml8zLUmJ+93Q5NF0NocErnwkTkXVFNiX3/fpC6afS8Dhb/gz7R7eg=="
    },
    "ws": {
      "version": "7.5.10",
      "resolved": "https://registry.npmjs.org/ws/-/ws-7.5.10.tgz",
      "integrity": "sha512-+dbF1tHwZpXcbOJdVOkzLDxZP1ailvSxM6ZweXTegylPny803bFhA+vqBYw4s31NSAk4S2Qz+AKXK9a4wkdjcQ=="
    }
  }
}
